// !$*UTF8*$!
{
	archiveVersion = 1;
	classes = {
	};
	objectVersion = 56;
	objects = {

/* Begin PBXBuildFile section */
		04DF9187296D5372004A0962 /* AppDelegate.swift in Sources */ = {isa = PBXBuildFile; fileRef = 04DF9186296D5372004A0962 /* AppDelegate.swift */; };
		04DF9189296D5372004A0962 /* SceneDelegate.swift in Sources */ = {isa = PBXBuildFile; fileRef = 04DF9188296D5372004A0962 /* SceneDelegate.swift */; };
		04DF918B296D5372004A0962 /* GameStartViewController.swift in Sources */ = {isa = PBXBuildFile; fileRef = 04DF918A296D5372004A0962 /* GameStartViewController.swift */; };
		04DF918E296D5372004A0962 /* Main.storyboard in Resources */ = {isa = PBXBuildFile; fileRef = 04DF918C296D5372004A0962 /* Main.storyboard */; };
		04DF9190296D5374004A0962 /* Assets.xcassets in Resources */ = {isa = PBXBuildFile; fileRef = 04DF918F296D5374004A0962 /* Assets.xcassets */; };
		04DF9193296D5374004A0962 /* LaunchScreen.storyboard in Resources */ = {isa = PBXBuildFile; fileRef = 04DF9191296D5374004A0962 /* LaunchScreen.storyboard */; };
		04DF919B296D5601004A0962 /* SelectFirstRoundViewController.swift in Sources */ = {isa = PBXBuildFile; fileRef = 04DF919A296D5601004A0962 /* SelectFirstRoundViewController.swift */; };
		04DF919D296D5949004A0962 /* ComputerGuessViewController.swift in Sources */ = {isa = PBXBuildFile; fileRef = 04DF919C296D5949004A0962 /* ComputerGuessViewController.swift */; };
		04DF919F296D5F54004A0962 /* UserGuessViewController.swift in Sources */ = {isa = PBXBuildFile; fileRef = 04DF919E296D5F54004A0962 /* UserGuessViewController.swift */; };
		04DF91A1296D6453004A0962 /* SecretNumber.swift in Sources */ = {isa = PBXBuildFile; fileRef = 04DF91A0296D6453004A0962 /* SecretNumber.swift */; };
		04DF91A3296D67BD004A0962 /* GameModel.swift in Sources */ = {isa = PBXBuildFile; fileRef = 04DF91A2296D67BD004A0962 /* GameModel.swift */; };
		04DF91A529703A73004A0962 /* Factory.swift in Sources */ = {isa = PBXBuildFile; fileRef = 04DF91A429703A73004A0962 /* Factory.swift */; };
		04DF91A729703ACA004A0962 /* ResultViewController.swift in Sources */ = {isa = PBXBuildFile; fileRef = 04DF91A629703ACA004A0962 /* ResultViewController.swift */; };
		9A4D0B28C5DB89AC8450ED0D /* Pods_GuessNumberGame.framework in Frameworks */ = {isa = PBXBuildFile; fileRef = 60C823689B74805B860414D8 /* Pods_GuessNumberGame.framework */; };
/* End PBXBuildFile section */

/* Begin PBXFileReference section */
		04DF9183296D5372004A0962 /* GuessNumberGame.app */ = {isa = PBXFileReference; explicitFileType = wrapper.application; includeInIndex = 0; path = GuessNumberGame.app; sourceTree = BUILT_PRODUCTS_DIR; };
		04DF9186296D5372004A0962 /* AppDelegate.swift */ = {isa = PBXFileReference; lastKnownFileType = sourcecode.swift; path = AppDelegate.swift; sourceTree = "<group>"; };
		04DF9188296D5372004A0962 /* SceneDelegate.swift */ = {isa = PBXFileReference; lastKnownFileType = sourcecode.swift; path = SceneDelegate.swift; sourceTree = "<group>"; };
		04DF918A296D5372004A0962 /* GameStartViewController.swift */ = {isa = PBXFileReference; lastKnownFileType = sourcecode.swift; path = GameStartViewController.swift; sourceTree = "<group>"; };
		04DF918D296D5372004A0962 /* Base */ = {isa = PBXFileReference; lastKnownFileType = file.storyboard; name = Base; path = Base.lproj/Main.storyboard; sourceTree = "<group>"; };
		04DF918F296D5374004A0962 /* Assets.xcassets */ = {isa = PBXFileReference; lastKnownFileType = folder.assetcatalog; path = Assets.xcassets; sourceTree = "<group>"; };
		04DF9192296D5374004A0962 /* Base */ = {isa = PBXFileReference; lastKnownFileType = file.storyboard; name = Base; path = Base.lproj/LaunchScreen.storyboard; sourceTree = "<group>"; };
		04DF9194296D5374004A0962 /* Info.plist */ = {isa = PBXFileReference; lastKnownFileType = text.plist.xml; path = Info.plist; sourceTree = "<group>"; };
		04DF919A296D5601004A0962 /* SelectFirstRoundViewController.swift */ = {isa = PBXFileReference; lastKnownFileType = sourcecode.swift; path = SelectFirstRoundViewController.swift; sourceTree = "<group>"; };
		04DF919C296D5949004A0962 /* ComputerGuessViewController.swift */ = {isa = PBXFileReference; lastKnownFileType = sourcecode.swift; path = ComputerGuessViewController.swift; sourceTree = "<group>"; };
		04DF919E296D5F54004A0962 /* UserGuessViewController.swift */ = {isa = PBXFileReference; lastKnownFileType = sourcecode.swift; path = UserGuessViewController.swift; sourceTree = "<group>"; };
		04DF91A0296D6453004A0962 /* SecretNumber.swift */ = {isa = PBXFileReference; lastKnownFileType = sourcecode.swift; path = SecretNumber.swift; sourceTree = "<group>"; };
		04DF91A2296D67BD004A0962 /* GameModel.swift */ = {isa = PBXFileReference; lastKnownFileType = sourcecode.swift; path = GameModel.swift; sourceTree = "<group>"; };
		04DF91A429703A73004A0962 /* Factory.swift */ = {isa = PBXFileReference; lastKnownFileType = sourcecode.swift; path = Factory.swift; sourceTree = "<group>"; };
		04DF91A629703ACA004A0962 /* ResultViewController.swift */ = {isa = PBXFileReference; lastKnownFileType = sourcecode.swift; path = ResultViewController.swift; sourceTree = "<group>"; };
		60C823689B74805B860414D8 /* Pods_GuessNumberGame.framework */ = {isa = PBXFileReference; explicitFileType = wrapper.framework; includeInIndex = 0; path = Pods_GuessNumberGame.framework; sourceTree = BUILT_PRODUCTS_DIR; };
		BE64F99FE2584E23CDA1FCE2 /* Pods-GuessNumberGame.debug.xcconfig */ = {isa = PBXFileReference; includeInIndex = 1; lastKnownFileType = text.xcconfig; name = "Pods-GuessNumberGame.debug.xcconfig"; path = "Target Support Files/Pods-GuessNumberGame/Pods-GuessNumberGame.debug.xcconfig"; sourceTree = "<group>"; };
		BEA348625AD2BB2029F481A0 /* Pods-GuessNumberGame.release.xcconfig */ = {isa = PBXFileReference; includeInIndex = 1; lastKnownFileType = text.xcconfig; name = "Pods-GuessNumberGame.release.xcconfig"; path = "Target Support Files/Pods-GuessNumberGame/Pods-GuessNumberGame.release.xcconfig"; sourceTree = "<group>"; };
/* End PBXFileReference section */

/* Begin PBXFrameworksBuildPhase section */
		04DF9180296D5372004A0962 /* Frameworks */ = {
			isa = PBXFrameworksBuildPhase;
			buildActionMask = 2147483647;
			files = (
				9A4D0B28C5DB89AC8450ED0D /* Pods_GuessNumberGame.framework in Frameworks */,
			);
			runOnlyForDeploymentPostprocessing = 0;
		};
/* End PBXFrameworksBuildPhase section */

/* Begin PBXGroup section */
		04DF917A296D5372004A0962 = {
			isa = PBXGroup;
			children = (
				04DF9185296D5372004A0962 /* GuessNumberGame */,
				04DF9184296D5372004A0962 /* Products */,
				36E79B8EE1A36771AA24AFEE /* Pods */,
				E79C4C5860E8FCE3D095AC75 /* Frameworks */,
			);
			sourceTree = "<group>";
		};
		04DF9184296D5372004A0962 /* Products */ = {
			isa = PBXGroup;
			children = (
				04DF9183296D5372004A0962 /* GuessNumberGame.app */,
			);
			name = Products;
			sourceTree = "<group>";
		};
		04DF9185296D5372004A0962 /* GuessNumberGame */ = {
			isa = PBXGroup;
			children = (
				04DF91A82971A0D0004A0962 /* Model */,
				04DF91A92971A0E5004A0962 /* Controllers */,
				04DF91AA2971A0F9004A0962 /* Resources */,
				04DF9194296D5374004A0962 /* Info.plist */,
			);
			path = GuessNumberGame;
			sourceTree = "<group>";
		};
		04DF91A82971A0D0004A0962 /* Model */ = {
			isa = PBXGroup;
			children = (
				04DF91A429703A73004A0962 /* Factory.swift */,
				04DF91A0296D6453004A0962 /* SecretNumber.swift */,
				04DF91A2296D67BD004A0962 /* GameModel.swift */,
			);
			path = Model;
			sourceTree = "<group>";
		};
		04DF91A92971A0E5004A0962 /* Controllers */ = {
			isa = PBXGroup;
			children = (
				04DF918A296D5372004A0962 /* GameStartViewController.swift */,
				04DF919C296D5949004A0962 /* ComputerGuessViewController.swift */,
				04DF919E296D5F54004A0962 /* UserGuessViewController.swift */,
				04DF91A629703ACA004A0962 /* ResultViewController.swift */,
				04DF919A296D5601004A0962 /* SelectFirstRoundViewController.swift */,
			);
			path = Controllers;
			sourceTree = "<group>";
		};
		04DF91AA2971A0F9004A0962 /* Resources */ = {
			isa = PBXGroup;
			children = (
				04DF918C296D5372004A0962 /* Main.storyboard */,
				04DF9186296D5372004A0962 /* AppDelegate.swift */,
				04DF9188296D5372004A0962 /* SceneDelegate.swift */,
				04DF9191296D5374004A0962 /* LaunchScreen.storyboard */,
				04DF918F296D5374004A0962 /* Assets.xcassets */,
			);
			path = Resources;
			sourceTree = "<group>";
		};
		36E79B8EE1A36771AA24AFEE /* Pods */ = {
			isa = PBXGroup;
			children = (
				BE64F99FE2584E23CDA1FCE2 /* Pods-GuessNumberGame.debug.xcconfig */,
				BEA348625AD2BB2029F481A0 /* Pods-GuessNumberGame.release.xcconfig */,
			);
			path = Pods;
			sourceTree = "<group>";
		};
		E79C4C5860E8FCE3D095AC75 /* Frameworks */ = {
			isa = PBXGroup;
			children = (
				60C823689B74805B860414D8 /* Pods_GuessNumberGame.framework */,
			);
			name = Frameworks;
			sourceTree = "<group>";
		};
/* End PBXGroup section */

/* Begin PBXNativeTarget section */
		04DF9182296D5372004A0962 /* GuessNumberGame */ = {
			isa = PBXNativeTarget;
			buildConfigurationList = 04DF9197296D5374004A0962 /* Build configuration list for PBXNativeTarget "GuessNumberGame" */;
			buildPhases = (
				18505A83C247E044188D6EA9 /* [CP] Check Pods Manifest.lock */,
				04DF917F296D5372004A0962 /* Sources */,
				04DF9180296D5372004A0962 /* Frameworks */,
				04DF9181296D5372004A0962 /* Resources */,
				04DF91AB2971BA7F004A0962 /* ShellScript */,
			);
			buildRules = (
			);
			dependencies = (
			);
			name = GuessNumberGame;
			productName = GuessNumberGame;
			productReference = 04DF9183296D5372004A0962 /* GuessNumberGame.app */;
			productType = "com.apple.product-type.application";
		};
/* End PBXNativeTarget section */

/* Begin PBXProject section */
		04DF917B296D5372004A0962 /* Project object */ = {
			isa = PBXProject;
			attributes = {
				BuildIndependentTargetsInParallel = 1;
				LastSwiftUpdateCheck = 1420;
				LastUpgradeCheck = 1420;
				TargetAttributes = {
					04DF9182296D5372004A0962 = {
						CreatedOnToolsVersion = 14.2;
					};
				};
			};
			buildConfigurationList = 04DF917E296D5372004A0962 /* Build configuration list for PBXProject "GuessNumberGame" */;
			compatibilityVersion = "Xcode 14.0";
			developmentRegion = en;
			hasScannedForEncodings = 0;
			knownRegions = (
				en,
				Base,
			);
			mainGroup = 04DF917A296D5372004A0962;
			productRefGroup = 04DF9184296D5372004A0962 /* Products */;
			projectDirPath = "";
			projectRoot = "";
			targets = (
				04DF9182296D5372004A0962 /* GuessNumberGame */,
			);
		};
/* End PBXProject section */

/* Begin PBXResourcesBuildPhase section */
		04DF9181296D5372004A0962 /* Resources */ = {
			isa = PBXResourcesBuildPhase;
			buildActionMask = 2147483647;
			files = (
				04DF9193296D5374004A0962 /* LaunchScreen.storyboard in Resources */,
				04DF9190296D5374004A0962 /* Assets.xcassets in Resources */,
				04DF918E296D5372004A0962 /* Main.storyboard in Resources */,
			);
			runOnlyForDeploymentPostprocessing = 0;
		};
/* End PBXResourcesBuildPhase section */

/* Begin PBXShellScriptBuildPhase section */
		04DF91AB2971BA7F004A0962 /* ShellScript */ = {
			isa = PBXShellScriptBuildPhase;
			alwaysOutOfDate = 1;
			buildActionMask = 2147483647;
			files = (
			);
			inputFileListPaths = (
			);
			inputPaths = (
			);
			outputFileListPaths = (
			);
			outputPaths = (
			);
			runOnlyForDeploymentPostprocessing = 0;
			shellPath = /bin/sh;
			shellScript = "# Type a script or drag a script file from your workspace to insert its path.\n\"${PODS_ROOT}/SwiftLint/swiftlint\"\n";
		};
		18505A83C247E044188D6EA9 /* [CP] Check Pods Manifest.lock */ = {
			isa = PBXShellScriptBuildPhase;
			buildActionMask = 2147483647;
			files = (
			);
			inputFileListPaths = (
			);
			inputPaths = (
				"${PODS_PODFILE_DIR_PATH}/Podfile.lock",
				"${PODS_ROOT}/Manifest.lock",
			);
			name = "[CP] Check Pods Manifest.lock";
			outputFileListPaths = (
			);
			outputPaths = (
				"$(DERIVED_FILE_DIR)/Pods-GuessNumberGame-checkManifestLockResult.txt",
			);
			runOnlyForDeploymentPostprocessing = 0;
			shellPath = /bin/sh;
			shellScript = "diff \"${PODS_PODFILE_DIR_PATH}/Podfile.lock\" \"${PODS_ROOT}/Manifest.lock\" > /dev/null\nif [ $? != 0 ] ; then\n    # print error to STDERR\n    echo \"error: The sandbox is not in sync with the Podfile.lock. Run 'pod install' or update your CocoaPods installation.\" >&2\n    exit 1\nfi\n# This output is used by Xcode 'outputs' to avoid re-running this script phase.\necho \"SUCCESS\" > \"${SCRIPT_OUTPUT_FILE_0}\"\n";
			showEnvVarsInLog = 0;
		};
/* End PBXShellScriptBuildPhase section */

/* Begin PBXSourcesBuildPhase section */
		04DF917F296D5372004A0962 /* Sources */ = {
			isa = PBXSourcesBuildPhase;
			buildActionMask = 2147483647;
			files = (
				04DF919D296D5949004A0962 /* ComputerGuessViewController.swift in Sources */,
				04DF919F296D5F54004A0962 /* UserGuessViewController.swift in Sources */,
				04DF918B296D5372004A0962 /* GameStartViewController.swift in Sources */,
				04DF9187296D5372004A0962 /* AppDelegate.swift in Sources */,
				04DF919B296D5601004A0962 /* SelectFirstRoundViewController.swift in Sources */,
				04DF91A729703ACA004A0962 /* ResultViewController.swift in Sources */,
				04DF91A529703A73004A0962 /* Factory.swift in Sources */,
				04DF91A3296D67BD004A0962 /* GameModel.swift in Sources */,
				04DF9189296D5372004A0962 /* SceneDelegate.swift in Sources */,
				04DF91A1296D6453004A0962 /* SecretNumber.swift in Sources */,
			);
			runOnlyForDeploymentPostprocessing = 0;
		};
/* End PBXSourcesBuildPhase section */

/* Begin PBXVariantGroup section */
		04DF918C296D5372004A0962 /* Main.storyboard */ = {
			isa = PBXVariantGroup;
			children = (
				04DF918D296D5372004A0962 /* Base */,
			);
			name = Main.storyboard;
			sourceTree = "<group>";
		};
		04DF9191296D5374004A0962 /* LaunchScreen.storyboard */ = {
			isa = PBXVariantGroup;
			children = (
				04DF9192296D5374004A0962 /* Base */,
			);
			name = LaunchScreen.storyboard;
			sourceTree = "<group>";
		};
/* End PBXVariantGroup section */

/* Begin XCBuildConfiguration section */
		04DF9195296D5374004A0962 /* Debug */ = {
			isa = XCBuildConfiguration;
			buildSettings = {
				ALWAYS_SEARCH_USER_PATHS = NO;
				CLANG_ANALYZER_NONNULL = YES;
				CLANG_ANALYZER_NUMBER_OBJECT_CONVERSION = YES_AGGRESSIVE;
				CLANG_CXX_LANGUAGE_STANDARD = "gnu++20";
				CLANG_ENABLE_MODULES = YES;
				CLANG_ENABLE_OBJC_ARC = YES;
				CLANG_ENABLE_OBJC_WEAK = YES;
				CLANG_WARN_BLOCK_CAPTURE_AUTORELEASING = YES;
				CLANG_WARN_BOOL_CONVERSION = YES;
				CLANG_WARN_COMMA = YES;
				CLANG_WARN_CONSTANT_CONVERSION = YES;
				CLANG_WARN_DEPRECATED_OBJC_IMPLEMENTATIONS = YES;
				CLANG_WARN_DIRECT_OBJC_ISA_USAGE = YES_ERROR;
				CLANG_WARN_DOCUMENTATION_COMMENTS = YES;
				CLANG_WARN_EMPTY_BODY = YES;
				CLANG_WARN_ENUM_CONVERSION = YES;
				CLANG_WARN_INFINITE_RECURSION = YES;
				CLANG_WARN_INT_CONVERSION = YES;
				CLANG_WARN_NON_LITERAL_NULL_CONVERSION = YES;
				CLANG_WARN_OBJC_IMPLICIT_RETAIN_SELF = YES;
				CLANG_WARN_OBJC_LITERAL_CONVERSION = YES;
				CLANG_WARN_OBJC_ROOT_CLASS = YES_ERROR;
				CLANG_WARN_QUOTED_INCLUDE_IN_FRAMEWORK_HEADER = YES;
				CLANG_WARN_RANGE_LOOP_ANALYSIS = YES;
				CLANG_WARN_STRICT_PROTOTYPES = YES;
				CLANG_WARN_SUSPICIOUS_MOVE = YES;
				CLANG_WARN_UNGUARDED_AVAILABILITY = YES_AGGRESSIVE;
				CLANG_WARN_UNREACHABLE_CODE = YES;
				CLANG_WARN__DUPLICATE_METHOD_MATCH = YES;
				COPY_PHASE_STRIP = NO;
				DEBUG_INFORMATION_FORMAT = dwarf;
				ENABLE_STRICT_OBJC_MSGSEND = YES;
				ENABLE_TESTABILITY = YES;
				GCC_C_LANGUAGE_STANDARD = gnu11;
				GCC_DYNAMIC_NO_PIC = NO;
				GCC_NO_COMMON_BLOCKS = YES;
				GCC_OPTIMIZATION_LEVEL = 0;
				GCC_PREPROCESSOR_DEFINITIONS = (
					"DEBUG=1",
					"$(inherited)",
				);
				GCC_WARN_64_TO_32_BIT_CONVERSION = YES;
				GCC_WARN_ABOUT_RETURN_TYPE = YES_ERROR;
				GCC_WARN_UNDECLARED_SELECTOR = YES;
				GCC_WARN_UNINITIALIZED_AUTOS = YES_AGGRESSIVE;
				GCC_WARN_UNUSED_FUNCTION = YES;
				GCC_WARN_UNUSED_VARIABLE = YES;
				IPHONEOS_DEPLOYMENT_TARGET = 16.2;
				MTL_ENABLE_DEBUG_INFO = INCLUDE_SOURCE;
				MTL_FAST_MATH = YES;
				ONLY_ACTIVE_ARCH = YES;
				SDKROOT = iphoneos;
				SWIFT_ACTIVE_COMPILATION_CONDITIONS = DEBUG;
				SWIFT_OPTIMIZATION_LEVEL = "-Onone";
			};
			name = Debug;
		};
		04DF9196296D5374004A0962 /* Release */ = {
			isa = XCBuildConfiguration;
			buildSettings = {
				ALWAYS_SEARCH_USER_PATHS = NO;
				CLANG_ANALYZER_NONNULL = YES;
				CLANG_ANALYZER_NUMBER_OBJECT_CONVERSION = YES_AGGRESSIVE;
				CLANG_CXX_LANGUAGE_STANDARD = "gnu++20";
				CLANG_ENABLE_MODULES = YES;
				CLANG_ENABLE_OBJC_ARC = YES;
				CLANG_ENABLE_OBJC_WEAK = YES;
				CLANG_WARN_BLOCK_CAPTURE_AUTORELEASING = YES;
				CLANG_WARN_BOOL_CONVERSION = YES;
				CLANG_WARN_COMMA = YES;
				CLANG_WARN_CONSTANT_CONVERSION = YES;
				CLANG_WARN_DEPRECATED_OBJC_IMPLEMENTATIONS = YES;
				CLANG_WARN_DIRECT_OBJC_ISA_USAGE = YES_ERROR;
				CLANG_WARN_DOCUMENTATION_COMMENTS = YES;
				CLANG_WARN_EMPTY_BODY = YES;
				CLANG_WARN_ENUM_CONVERSION = YES;
				CLANG_WARN_INFINITE_RECURSION = YES;
				CLANG_WARN_INT_CONVERSION = YES;
				CLANG_WARN_NON_LITERAL_NULL_CONVERSION = YES;
				CLANG_WARN_OBJC_IMPLICIT_RETAIN_SELF = YES;
				CLANG_WARN_OBJC_LITERAL_CONVERSION = YES;
				CLANG_WARN_OBJC_ROOT_CLASS = YES_ERROR;
				CLANG_WARN_QUOTED_INCLUDE_IN_FRAMEWORK_HEADER = YES;
				CLANG_WARN_RANGE_LOOP_ANALYSIS = YES;
				CLANG_WARN_STRICT_PROTOTYPES = YES;
				CLANG_WARN_SUSPICIOUS_MOVE = YES;
				CLANG_WARN_UNGUARDED_AVAILABILITY = YES_AGGRESSIVE;
				CLANG_WARN_UNREACHABLE_CODE = YES;
				CLANG_WARN__DUPLICATE_METHOD_MATCH = YES;
				COPY_PHASE_STRIP = NO;
				DEBUG_INFORMATION_FORMAT = "dwarf-with-dsym";
				ENABLE_NS_ASSERTIONS = NO;
				ENABLE_STRICT_OBJC_MSGSEND = YES;
				GCC_C_LANGUAGE_STANDARD = gnu11;
				GCC_NO_COMMON_BLOCKS = YES;
				GCC_WARN_64_TO_32_BIT_CONVERSION = YES;
				GCC_WARN_ABOUT_RETURN_TYPE = YES_ERROR;
				GCC_WARN_UNDECLARED_SELECTOR = YES;
				GCC_WARN_UNINITIALIZED_AUTOS = YES_AGGRESSIVE;
				GCC_WARN_UNUSED_FUNCTION = YES;
				GCC_WARN_UNUSED_VARIABLE = YES;
				IPHONEOS_DEPLOYMENT_TARGET = 16.2;
				MTL_ENABLE_DEBUG_INFO = NO;
				MTL_FAST_MATH = YES;
				SDKROOT = iphoneos;
				SWIFT_COMPILATION_MODE = wholemodule;
				SWIFT_OPTIMIZATION_LEVEL = "-O";
				VALIDATE_PRODUCT = YES;
			};
			name = Release;
		};
		04DF9198296D5374004A0962 /* Debug */ = {
			isa = XCBuildConfiguration;
			baseConfigurationReference = BE64F99FE2584E23CDA1FCE2 /* Pods-GuessNumberGame.debug.xcconfig */;
			buildSettings = {
				ASSETCATALOG_COMPILER_APPICON_NAME = AppIcon;
				ASSETCATALOG_COMPILER_GLOBAL_ACCENT_COLOR_NAME = AccentColor;
				CODE_SIGN_STYLE = Automatic;
				CURRENT_PROJECT_VERSION = 1;
				GENERATE_INFOPLIST_FILE = YES;
				INFOPLIST_FILE = GuessNumberGame/Info.plist;
				INFOPLIST_KEY_UIApplicationSupportsIndirectInputEvents = YES;
				INFOPLIST_KEY_UILaunchStoryboardName = LaunchScreen;
				INFOPLIST_KEY_UIMainStoryboardFile = Main;
				INFOPLIST_KEY_UISupportedInterfaceOrientations_iPad = "UIInterfaceOrientationPortrait UIInterfaceOrientationPortraitUpsideDown UIInterfaceOrientationLandscapeLeft UIInterfaceOrientationLandscapeRight";
				INFOPLIST_KEY_UISupportedInterfaceOrientations_iPhone = "UIInterfaceOrientationPortrait UIInterfaceOrientationLandscapeLeft UIInterfaceOrientationLandscapeRight";
				LD_RUNPATH_SEARCH_PATHS = (
					"$(inherited)",
					"@executable_path/Frameworks",
				);
				MARKETING_VERSION = 1.0;
				PRODUCT_BUNDLE_IDENTIFIER = andrew.notes.GuessNumberGame;
				PRODUCT_NAME = "$(TARGET_NAME)";
				SWIFT_EMIT_LOC_STRINGS = YES;
				SWIFT_VERSION = 5.0;
				TARGETED_DEVICE_FAMILY = "1,2";
			};
			name = Debug;
		};
		04DF9199296D5374004A0962 /* Release */ = {
			isa = XCBuildConfiguration;
			baseConfigurationReference = BEA348625AD2BB2029F481A0 /* Pods-GuessNumberGame.release.xcconfig */;
			buildSettings = {
				ASSETCATALOG_COMPILER_APPICON_NAME = AppIcon;
				ASSETCATALOG_COMPILER_GLOBAL_ACCENT_COLOR_NAME = AccentColor;
				CODE_SIGN_STYLE = Automatic;
				CURRENT_PROJECT_VERSION = 1;
				GENERATE_INFOPLIST_FILE = YES;
				INFOPLIST_FILE = GuessNumberGame/Info.plist;
				INFOPLIST_KEY_UIApplicationSupportsIndirectInputEvents = YES;
				INFOPLIST_KEY_UILaunchStoryboardName = LaunchScreen;
				INFOPLIST_KEY_UIMainStoryboardFile = Main;
				INFOPLIST_KEY_UISupportedInterfaceOrientations_iPad = "UIInterfaceOrientationPortrait UIInterfaceOrientationPortraitUpsideDown UIInterfaceOrientationLandscapeLeft UIInterfaceOrientationLandscapeRight";
				INFOPLIST_KEY_UISupportedInterfaceOrientations_iPhone = "UIInterfaceOrientationPortrait UIInterfaceOrientationLandscapeLeft UIInterfaceOrientationLandscapeRight";
				LD_RUNPATH_SEARCH_PATHS = (
					"$(inherited)",
					"@executable_path/Frameworks",
				);
				MARKETING_VERSION = 1.0;
				PRODUCT_BUNDLE_IDENTIFIER = andrew.notes.GuessNumberGame;
				PRODUCT_NAME = "$(TARGET_NAME)";
				SWIFT_EMIT_LOC_STRINGS = YES;
				SWIFT_VERSION = 5.0;
				TARGETED_DEVICE_FAMILY = "1,2";
			};
			name = Release;
		};
/* End XCBuildConfiguration section */

/* Begin XCConfigurationList section */
		04DF917E296D5372004A0962 /* Build configuration list for PBXProject "GuessNumberGame" */ = {
			isa = XCConfigurationList;
			buildConfigurations = (
				04DF9195296D5374004A0962 /* Debug */,
				04DF9196296D5374004A0962 /* Release */,
			);
			defaultConfigurationIsVisible = 0;
			defaultConfigurationName = Release;
		};
		04DF9197296D5374004A0962 /* Build configuration list for PBXNativeTarget "GuessNumberGame" */ = {
			isa = XCConfigurationList;
			buildConfigurations = (
				04DF9198296D5374004A0962 /* Debug */,
				04DF9199296D5374004A0962 /* Release */,
			);
			defaultConfigurationIsVisible = 0;
			defaultConfigurationName = Release;
		};
/* End XCConfigurationList section */
	};
	rootObject = 04DF917B296D5372004A0962 /* Project object */;
}
